<?xml version="1.0" encoding="utf-8"?>
<Project ToolsVersion="4.0" xmlns="http://schemas.microsoft.com/developer/msbuild/2003">
  <ItemGroup>
    <Filter Include="Source Files">
      <UniqueIdentifier>{4FC737F1-C7A5-4376-A066-2A32D752A2FF}</UniqueIdentifier>
      <Extensions>cpp;c;cc;cxx;c++;cppm;ixx;def;odl;idl;hpj;bat;asm;asmx</Extensions>
    </Filter>
    <Filter Include="Header Files">
      <UniqueIdentifier>{93995380-89BD-4b04-88EB-625FBE52EBFB}</UniqueIdentifier>
      <Extensions>h;hh;hpp;hxx;h++;hm;inl;inc;ipp;xsd</Extensions>
    </Filter>
    <Filter Include="Resource Files">
      <UniqueIdentifier>{67DA6AB6-F800-4c08-8B7A-83BB121AAD01}</UniqueIdentifier>
      <Extensions>rc;ico;cur;bmp;dlg;rc2;rct;bin;rgs;gif;jpg;jpeg;jpe;resx;tiff;tif;png;wav;mfcribbon-ms</Extensions>
    </Filter>
  </ItemGroup>
  <ItemGroup>
    <ClCompile Include="LMC.cpp">
      <Filter>Source Files</Filter>
    </ClCompile>
    <ClCompile Include="KeyVal.cpp">
      <Filter>Source Files</Filter>
    </ClCompile>
    <ClCompile Include="OpLineLables.cpp">
      <Filter>Source Files</Filter>
    </ClCompile>
    <ClCompile Include="ValLable.cpp">
      <Filter>Source Files</Filter>
    </ClCompile>
    <ClCompile Include="untrusted_SymbolsData.cpp">
      <Filter>Source Files</Filter>
    </ClCompile>
    <ClCompile Include="Commands.cpp">
      <Filter>Source Files</Filter>
    </ClCompile>
  </ItemGroup>
  <ItemGroup>
    <ClInclude Include="KeyVal.h">
      <Filter>Header Files</Filter>
    </ClInclude>
    <ClInclude Include="OpLineLables.h">
      <Filter>Header Files</Filter>
    </ClInclude>
    <ClInclude Include="ValLable.h">
      <Filter>Header Files</Filter>
    </ClInclude>
    <ClInclude Include="Using.h">
      <Filter>Header Files</Filter>
    </ClInclude>
    <ClInclude Include="untrusted_SymbolsData.h">
      <Filter>Header Files</Filter>
    </ClInclude>
    <ClCompile Include="CommandText.cpp">
      <Filter>Source Files</Filter>
    </ClCompile>
    <ClInclude Include="Commands.h">
      <Filter>Header Files</Filter>
    </ClInclude>
    <ClInclude Include="CmdTyp.h">
      <Filter>Header Files</Filter>
    </ClInclude>
  </ItemGroup>
  <ItemGroup>
    <ClInclude Include="CommandText.h">
      <Filter>Header Files</Filter>
    </ClInclude>
  </ItemGroup>
</Project>